
Microsoft Visual Studio Solution File, Format Version 12.00
# Visual Studio Version 16
VisualStudioVersion = 16.0.30907.101
MinimumVisualStudioVersion = 10.0.40219.1
Project("{FAE04EC0-301F-11D3-BF4B-00C04F79EFBC}") = "ProjectAirlineManagment", "ProjectAirlineManagment\ProjectAirlineManagment.csproj", "{174980CD-8E98-409C-8387-406C9BE5D0D8}"
EndProject
Project("{FAE04EC0-301F-11D3-BF4B-00C04F79EFBC}") = "Data", "Data\Data.csproj", "{F13D21C9-FA3F-4411-88CB-355D10B01EC0}"
EndProject
Project("{FAE04EC0-301F-11D3-BF4B-00C04F79EFBC}") = "Business", "Business\Business.csproj", "{9BE40F5D-4D55-47F7-A0E6-04F217037358}"
EndProject
Project("{9A19103F-16F7-4668-BE54-9A1E7A4F7556}") = "ProjectAirlineManagment.Tests", "ProjectAirlineManagment.Tests\ProjectAirlineManagment.Tests.csproj", "{B49EEFA7-86E2-4C4F-9812-23219F7F796B}"
EndProject
Project("{2150E333-8FDC-42A3-9474-1A3956D46DE8}") = "Solution Items", "Solution Items", "{A2CADE38-B36E-4D16-8E83-FE6924FF5B05}"
	ProjectSection(SolutionItems) = preProject
		.editorconfig = .editorconfig
	EndProjectSection
EndProject
Project("{FAE04EC0-301F-11D3-BF4B-00C04F79EFBC}") = "ClientBusiness.Test", "ClientBusiness.Test\ClientBusiness.Test.csproj", "{A2E8A803-4C2D-49C5-BE26-AAEA62E133B7}"
EndProject
Project("{FAE04EC0-301F-11D3-BF4B-00C04F79EFBC}") = "FlightBusiness.Test", "FlightBusiness.Test\FlightBusiness.Test.csproj", "{DB260599-4649-4D2C-ADE0-98A792F14DFD}"
EndProject
Project("{FAE04EC0-301F-11D3-BF4B-00C04F79EFBC}") = "TicketBusinessTests", "TicketBusinessTests\TicketBusinessTests.csproj", "{547FC302-59AB-4A99-ADF1-CE914340623C}"
EndProject
Project("{FAE04EC0-301F-11D3-BF4B-00C04F79EFBC}") = "PilotBusiness.Tests", "PilotBusiness.Tests\PilotBusiness.Tests.csproj", "{77F8661E-7E51-4AA5-B404-44ED8111FDAF}"
EndProject
Global
	GlobalSection(SolutionConfigurationPlatforms) = preSolution
		Debug|Any CPU = Debug|Any CPU
		Release|Any CPU = Release|Any CPU
	EndGlobalSection
	GlobalSection(ProjectConfigurationPlatforms) = postSolution
		{174980CD-8E98-409C-8387-406C9BE5D0D8}.Debug|Any CPU.ActiveCfg = Debug|Any CPU
		{174980CD-8E98-409C-8387-406C9BE5D0D8}.Debug|Any CPU.Build.0 = Debug|Any CPU
		{174980CD-8E98-409C-8387-406C9BE5D0D8}.Release|Any CPU.ActiveCfg = Release|Any CPU
		{174980CD-8E98-409C-8387-406C9BE5D0D8}.Release|Any CPU.Build.0 = Release|Any CPU
		{F13D21C9-FA3F-4411-88CB-355D10B01EC0}.Debug|Any CPU.ActiveCfg = Debug|Any CPU
		{F13D21C9-FA3F-4411-88CB-355D10B01EC0}.Debug|Any CPU.Build.0 = Debug|Any CPU
		{F13D21C9-FA3F-4411-88CB-355D10B01EC0}.Release|Any CPU.ActiveCfg = Release|Any CPU
		{F13D21C9-FA3F-4411-88CB-355D10B01EC0}.Release|Any CPU.Build.0 = Release|Any CPU
		{9BE40F5D-4D55-47F7-A0E6-04F217037358}.Debug|Any CPU.ActiveCfg = Debug|Any CPU
		{9BE40F5D-4D55-47F7-A0E6-04F217037358}.Debug|Any CPU.Build.0 = Debug|Any CPU
		{9BE40F5D-4D55-47F7-A0E6-04F217037358}.Release|Any CPU.ActiveCfg = Release|Any CPU
		{9BE40F5D-4D55-47F7-A0E6-04F217037358}.Release|Any CPU.Build.0 = Release|Any CPU
		{A2E8A803-4C2D-49C5-BE26-AAEA62E133B7}.Debug|Any CPU.ActiveCfg = Debug|Any CPU
		{A2E8A803-4C2D-49C5-BE26-AAEA62E133B7}.Debug|Any CPU.Build.0 = Debug|Any CPU
		{A2E8A803-4C2D-49C5-BE26-AAEA62E133B7}.Release|Any CPU.ActiveCfg = Release|Any CPU
		{A2E8A803-4C2D-49C5-BE26-AAEA62E133B7}.Release|Any CPU.Build.0 = Release|Any CPU
		{DB260599-4649-4D2C-ADE0-98A792F14DFD}.Debug|Any CPU.ActiveCfg = Debug|Any CPU
		{DB260599-4649-4D2C-ADE0-98A792F14DFD}.Debug|Any CPU.Build.0 = Debug|Any CPU
		{DB260599-4649-4D2C-ADE0-98A792F14DFD}.Release|Any CPU.ActiveCfg = Release|Any CPU
		{DB260599-4649-4D2C-ADE0-98A792F14DFD}.Release|Any CPU.Build.0 = Release|Any CPU
		{547FC302-59AB-4A99-ADF1-CE914340623C}.Debug|Any CPU.ActiveCfg = Debug|Any CPU
		{547FC302-59AB-4A99-ADF1-CE914340623C}.Debug|Any CPU.Build.0 = Debug|Any CPU
		{547FC302-59AB-4A99-ADF1-CE914340623C}.Release|Any CPU.ActiveCfg = Release|Any CPU
		{547FC302-59AB-4A99-ADF1-CE914340623C}.Release|Any CPU.Build.0 = Release|Any CPU
		{77F8661E-7E51-4AA5-B404-44ED8111FDAF}.Debug|Any CPU.ActiveCfg = Debug|Any CPU
		{77F8661E-7E51-4AA5-B404-44ED8111FDAF}.Debug|Any CPU.Build.0 = Debug|Any CPU
		{77F8661E-7E51-4AA5-B404-44ED8111FDAF}.Release|Any CPU.ActiveCfg = Release|Any CPU
		{77F8661E-7E51-4AA5-B404-44ED8111FDAF}.Release|Any CPU.Build.0 = Release|Any CPU
	EndGlobalSection
	GlobalSection(SolutionProperties) = preSolution
		HideSolutionNode = FALSE
	EndGlobalSection
	GlobalSection(NestedProjects) = preSolution
		{A2E8A803-4C2D-49C5-BE26-AAEA62E133B7} = {F800F14C-61F0-405F-83C9-B9C741511358}
		{DB260599-4649-4D2C-ADE0-98A792F14DFD} = {F800F14C-61F0-405F-83C9-B9C741511358}
		{547FC302-59AB-4A99-ADF1-CE914340623C} = {F800F14C-61F0-405F-83C9-B9C741511358}
		{77F8661E-7E51-4AA5-B404-44ED8111FDAF} = {F800F14C-61F0-405F-83C9-B9C741511358}
	EndGlobalSection
	GlobalSection(ExtensibilityGlobals) = postSolution
		SolutionGuid = {9A9D0BF9-E93A-45A1-A109-414BAC1EC02C}
	EndGlobalSection
EndGlobal
