
Microsoft Visual Studio Solution File, Format Version 12.00
# Visual Studio Version 16
VisualStudioVersion = 16.0.30907.101
MinimumVisualStudioVersion = 10.0.40219.1
Project("{FAE04EC0-301F-11D3-BF4B-00C04F79EFBC}") = "ProjectAirlineManagment", "ProjectAirlineManagment\ProjectAirlineManagment.csproj", "{174980CD-8E98-409C-8387-406C9BE5D0D8}"
EndProject
Project("{FAE04EC0-301F-11D3-BF4B-00C04F79EFBC}") = "Data", "Data\Data.csproj", "{F13D21C9-FA3F-4411-88CB-355D10B01EC0}"
EndProject
Global
	GlobalSection(SolutionConfigurationPlatforms) = preSolution
		Debug|Any CPU = Debug|Any CPU
		Release|Any CPU = Release|Any CPU
	EndGlobalSection
	GlobalSection(ProjectConfigurationPlatforms) = postSolution
		{174980CD-8E98-409C-8387-406C9BE5D0D8}.Debug|Any CPU.ActiveCfg = Debug|Any CPU
		{174980CD-8E98-409C-8387-406C9BE5D0D8}.Debug|Any CPU.Build.0 = Debug|Any CPU
		{174980CD-8E98-409C-8387-406C9BE5D0D8}.Release|Any CPU.ActiveCfg = Release|Any CPU
		{174980CD-8E98-409C-8387-406C9BE5D0D8}.Release|Any CPU.Build.0 = Release|Any CPU
		{F13D21C9-FA3F-4411-88CB-355D10B01EC0}.Debug|Any CPU.ActiveCfg = Debug|Any CPU
		{F13D21C9-FA3F-4411-88CB-355D10B01EC0}.Debug|Any CPU.Build.0 = Debug|Any CPU
		{F13D21C9-FA3F-4411-88CB-355D10B01EC0}.Release|Any CPU.ActiveCfg = Release|Any CPU
		{F13D21C9-FA3F-4411-88CB-355D10B01EC0}.Release|Any CPU.Build.0 = Release|Any CPU
	EndGlobalSection
	GlobalSection(SolutionProperties) = preSolution
		HideSolutionNode = FALSE
	EndGlobalSection
	GlobalSection(ExtensibilityGlobals) = postSolution
		SolutionGuid = {9A9D0BF9-E93A-45A1-A109-414BAC1EC02C}
	EndGlobalSection
EndGlobal
